
Microsoft Visual Studio Solution File, Format Version 12.00
# Visual Studio Version 17
VisualStudioVersion = 17.13.35818.85 d17.13
MinimumVisualStudioVersion = 10.0.40219.1
Project("{FAE04EC0-301F-11D3-BF4B-00C04F79EFBC}") = "BarCodeMVC", "BarCodeMVC.csproj", "{2EEC2F5B-A050-412C-AD5B-B4E69EE82A7B}"
EndProject
Global
	GlobalSection(SolutionConfigurationPlatforms) = preSolution
		Debug|Any CPU = Debug|Any CPU
		Release|Any CPU = Release|Any CPU
	EndGlobalSection
	GlobalSection(ProjectConfigurationPlatforms) = postSolution
		{2EEC2F5B-A050-412C-AD5B-B4E69EE82A7B}.Debug|Any CPU.ActiveCfg = Debug|Any CPU
		{2EEC2F5B-A050-412C-AD5B-B4E69EE82A7B}.Debug|Any CPU.Build.0 = Debug|Any CPU
		{2EEC2F5B-A050-412C-AD5B-B4E69EE82A7B}.Release|Any CPU.ActiveCfg = Release|Any CPU
		{2EEC2F5B-A050-412C-AD5B-B4E69EE82A7B}.Release|Any CPU.Build.0 = Release|Any CPU
	EndGlobalSection
	GlobalSection(SolutionProperties) = preSolution
		HideSolutionNode = FALSE
	EndGlobalSection
	GlobalSection(ExtensibilityGlobals) = postSolution
		SolutionGuid = {75EAFB98-CAD8-4CB2-87A9-F3B539DFD58E}
	EndGlobalSection
EndGlobal
